
Microsoft Visual Studio Solution File, Format Version 12.00
# Visual Studio 15
VisualStudioVersion = 15.0.27130.2020
MinimumVisualStudioVersion = 10.0.40219.1
Project("{FAE04EC0-301F-11D3-BF4B-00C04F79EFBC}") = "HashSalt", "HashSalt\HashSalt.csproj", "{61323223-231F-4448-947E-81CECD8D84D3}"
EndProject
Global
	GlobalSection(SolutionConfigurationPlatforms) = preSolution
		Debug|Any CPU = Debug|Any CPU
		Release|Any CPU = Release|Any CPU
	EndGlobalSection
	GlobalSection(ProjectConfigurationPlatforms) = postSolution
		{61323223-231F-4448-947E-81CECD8D84D3}.Debug|Any CPU.ActiveCfg = Debug|Any CPU
		{61323223-231F-4448-947E-81CECD8D84D3}.Debug|Any CPU.Build.0 = Debug|Any CPU
		{61323223-231F-4448-947E-81CECD8D84D3}.Release|Any CPU.ActiveCfg = Release|Any CPU
		{61323223-231F-4448-947E-81CECD8D84D3}.Release|Any CPU.Build.0 = Release|Any CPU
	EndGlobalSection
	GlobalSection(SolutionProperties) = preSolution
		HideSolutionNode = FALSE
	EndGlobalSection
	GlobalSection(ExtensibilityGlobals) = postSolution
		SolutionGuid = {E9D20AF6-D7DA-4542-8BB9-547698BD50C5}
	EndGlobalSection
EndGlobal
